
Microsoft Visual Studio Solution File, Format Version 12.00
# Visual Studio 15
VisualStudioVersion = 15.0.27703.2047
MinimumVisualStudioVersion = 10.0.40219.1
Project("{FAE04EC0-301F-11D3-BF4B-00C04F79EFBC}") = "PM.UI", "PM.UI\PM.UI.csproj", "{C7D5A639-27EC-4FF9-A005-318E271014A0}"
EndProject
Project("{FAE04EC0-301F-11D3-BF4B-00C04F79EFBC}") = "PM.Backend", "PM.Backend\PM.Backend.csproj", "{CC25D60D-2F2F-440C-9FD1-0E261C4EE3FE}"
EndProject
Global
	GlobalSection(SolutionConfigurationPlatforms) = preSolution
		Debug|Any CPU = Debug|Any CPU
		Release|Any CPU = Release|Any CPU
	EndGlobalSection
	GlobalSection(ProjectConfigurationPlatforms) = postSolution
		{C7D5A639-27EC-4FF9-A005-318E271014A0}.Debug|Any CPU.ActiveCfg = Debug|Any CPU
		{C7D5A639-27EC-4FF9-A005-318E271014A0}.Debug|Any CPU.Build.0 = Debug|Any CPU
		{C7D5A639-27EC-4FF9-A005-318E271014A0}.Release|Any CPU.ActiveCfg = Release|Any CPU
		{C7D5A639-27EC-4FF9-A005-318E271014A0}.Release|Any CPU.Build.0 = Release|Any CPU
		{CC25D60D-2F2F-440C-9FD1-0E261C4EE3FE}.Debug|Any CPU.ActiveCfg = Debug|Any CPU
		{CC25D60D-2F2F-440C-9FD1-0E261C4EE3FE}.Debug|Any CPU.Build.0 = Debug|Any CPU
		{CC25D60D-2F2F-440C-9FD1-0E261C4EE3FE}.Release|Any CPU.ActiveCfg = Release|Any CPU
		{CC25D60D-2F2F-440C-9FD1-0E261C4EE3FE}.Release|Any CPU.Build.0 = Release|Any CPU
	EndGlobalSection
	GlobalSection(SolutionProperties) = preSolution
		HideSolutionNode = FALSE
	EndGlobalSection
	GlobalSection(ExtensibilityGlobals) = postSolution
		SolutionGuid = {32AE0A57-6757-46EB-B306-82D7A5CCADEB}
	EndGlobalSection
EndGlobal
